
Microsoft Visual Studio Solution File, Format Version 11.00
# Visual Studio 2010
Project("{2150E333-8FDC-42A3-9474-1A3956D46DE8}") = "Documentation", "Documentation", "{41CAB066-1D3F-4FC4-9F2D-D6F410103DCE}"
	ProjectSection(SolutionItems) = preProject
		bin\arcm.bat = bin\arcm.bat
		COPYRIGHT.txt = COPYRIGHT.txt
		Cosign_schema.xml = Cosign_schema.xml
		Notes.txt = Notes.txt
		README.txt = README.txt
	EndProjectSection
EndProject
Project("{8BC9CEB8-8B4A-11D0-8D11-00A0C91BC942}") = "CosignModule", "CosignModule.vcxproj", "{41DFA73D-5E23-4DC9-91FF-0FC3FE00EFCD}"
EndProject
Global
	GlobalSection(SolutionConfigurationPlatforms) = preSolution
		Debug|Windows = Debug|Windows
		Release|Windows = Release|Windows
		x64|Windows = x64|Windows
	EndGlobalSection
	GlobalSection(ProjectConfigurationPlatforms) = postSolution
		{41DFA73D-5E23-4DC9-91FF-0FC3FE00EFCD}.Debug|Windows.ActiveCfg = Debug|Win32
		{41DFA73D-5E23-4DC9-91FF-0FC3FE00EFCD}.Debug|Windows.Build.0 = Debug|Win32
		{41DFA73D-5E23-4DC9-91FF-0FC3FE00EFCD}.Release|Windows.ActiveCfg = Release|x64
		{41DFA73D-5E23-4DC9-91FF-0FC3FE00EFCD}.Release|Windows.Build.0 = Release|x64
		{41DFA73D-5E23-4DC9-91FF-0FC3FE00EFCD}.x64|Windows.ActiveCfg = x64 Release|x64
	EndGlobalSection
	GlobalSection(SolutionProperties) = preSolution
		HideSolutionNode = FALSE
	EndGlobalSection
EndGlobal
